
Microsoft Visual Studio Solution File, Format Version 12.00
# Visual Studio 15
Project("{FAE04EC0-301F-11D3-BF4B-00C04F79EFBC}") = "unhsfl-logger", "unhsfl-logger\unhsfl-logger.csproj", "{3601BC43-AFDC-465C-B6BB-8923297DF8C2}"
EndProject
Project("{FAE04EC0-301F-11D3-BF4B-00C04F79EFBC}") = "LoggerClient", "LoggerClient\LoggerClient.csproj", "{91E1A6B5-9C04-4B53-B02A-CE31ECA0E64A}"
EndProject
Project("{FAE04EC0-301F-11D3-BF4B-00C04F79EFBC}") = "LoggerDTO", "LoggerDTO\LoggerDTO.csproj", "{65C4E133-E436-42B0-BD65-190C89332E1C}"
EndProject
Global
	GlobalSection(SolutionConfigurationPlatforms) = preSolution
		Debug|Any CPU = Debug|Any CPU
		Release|Any CPU = Release|Any CPU
	EndGlobalSection
	GlobalSection(ProjectConfigurationPlatforms) = postSolution
		{3601BC43-AFDC-465C-B6BB-8923297DF8C2}.Debug|Any CPU.ActiveCfg = Debug|Any CPU
		{3601BC43-AFDC-465C-B6BB-8923297DF8C2}.Debug|Any CPU.Build.0 = Debug|Any CPU
		{3601BC43-AFDC-465C-B6BB-8923297DF8C2}.Release|Any CPU.ActiveCfg = Release|Any CPU
		{3601BC43-AFDC-465C-B6BB-8923297DF8C2}.Release|Any CPU.Build.0 = Release|Any CPU
		{91E1A6B5-9C04-4B53-B02A-CE31ECA0E64A}.Debug|Any CPU.ActiveCfg = Debug|Any CPU
		{91E1A6B5-9C04-4B53-B02A-CE31ECA0E64A}.Debug|Any CPU.Build.0 = Debug|Any CPU
		{91E1A6B5-9C04-4B53-B02A-CE31ECA0E64A}.Release|Any CPU.ActiveCfg = Release|Any CPU
		{91E1A6B5-9C04-4B53-B02A-CE31ECA0E64A}.Release|Any CPU.Build.0 = Release|Any CPU
		{65C4E133-E436-42B0-BD65-190C89332E1C}.Debug|Any CPU.ActiveCfg = Debug|Any CPU
		{65C4E133-E436-42B0-BD65-190C89332E1C}.Debug|Any CPU.Build.0 = Debug|Any CPU
		{65C4E133-E436-42B0-BD65-190C89332E1C}.Release|Any CPU.ActiveCfg = Release|Any CPU
		{65C4E133-E436-42B0-BD65-190C89332E1C}.Release|Any CPU.Build.0 = Release|Any CPU
	EndGlobalSection
EndGlobal
